<?xml version="1.0" encoding="utf-8"?>
<Project ToolsVersion="4.0" xmlns="http://schemas.microsoft.com/developer/msbuild/2003">
  <ItemGroup>
    <Filter Include="Исходные файлы">
      <UniqueIdentifier>{4FC737F1-C7A5-4376-A066-2A32D752A2FF}</UniqueIdentifier>
      <Extensions>cpp;c;cc;cxx;c++;cppm;ixx;def;odl;idl;hpj;bat;asm;asmx</Extensions>
    </Filter>
    <Filter Include="Файлы заголовков">
      <UniqueIdentifier>{93995380-89BD-4b04-88EB-625FBE52EBFB}</UniqueIdentifier>
      <Extensions>h;hh;hpp;hxx;h++;hm;inl;inc;ipp;xsd</Extensions>
    </Filter>
    <Filter Include="Файлы ресурсов">
      <UniqueIdentifier>{67DA6AB6-F800-4c08-8B7A-83BB121AAD01}</UniqueIdentifier>
      <Extensions>rc;ico;cur;bmp;dlg;rc2;rct;bin;rgs;gif;jpg;jpeg;jpe;resx;tiff;tif;png;wav;mfcribbon-ms</Extensions>
    </Filter>
    <Filter Include="Исходные файлы\New files">
      <UniqueIdentifier>{2eed8ced-3a2a-4d5e-a2ea-f7704558da67}</UniqueIdentifier>
    </Filter>
    <Filter Include="Файлы заголовков\New files">
      <UniqueIdentifier>{3495c9cd-03fc-4afb-ad80-545608e24054}</UniqueIdentifier>
    </Filter>
  </ItemGroup>
  <ItemGroup>
    <ClCompile Include="CMusic.cpp">
      <Filter>Исходные файлы\New files</Filter>
    </ClCompile>
    <ClCompile Include="CApp.cpp">
      <Filter>Исходные файлы</Filter>
    </ClCompile>
    <ClCompile Include="CApp_OnEvent.cpp">
      <Filter>Исходные файлы</Filter>
    </ClCompile>
    <ClCompile Include="CApp_OnInit.cpp">
      <Filter>Исходные файлы</Filter>
    </ClCompile>
    <ClCompile Include="CApp_OnQuit.cpp">
      <Filter>Исходные файлы</Filter>
    </ClCompile>
    <ClCompile Include="CApp_OnRender.cpp">
      <Filter>Исходные файлы</Filter>
    </ClCompile>
    <ClCompile Include="CEvent.cpp">
      <Filter>Исходные файлы</Filter>
    </ClCompile>
    <ClCompile Include="main.cpp">
      <Filter>Исходные файлы</Filter>
    </ClCompile>
    <ClCompile Include="CWindow.cpp">
      <Filter>Исходные файлы\New files</Filter>
    </ClCompile>
    <ClCompile Include="CScreen.cpp">
      <Filter>Исходные файлы\New files</Filter>
    </ClCompile>
    <ClCompile Include="CScreen_Background.cpp">
      <Filter>Исходные файлы\New files</Filter>
    </ClCompile>
    <ClCompile Include="CScreen_Font.cpp">
      <Filter>Исходные файлы\New files</Filter>
    </ClCompile>
    <ClCompile Include="CScreen_Stone.cpp">
      <Filter>Исходные файлы\New files</Filter>
    </ClCompile>
    <ClCompile Include="CWindow_Icon.cpp">
      <Filter>Исходные файлы\New files</Filter>
    </ClCompile>
  </ItemGroup>
  <ItemGroup>
    <ClInclude Include="CMusic.h">
      <Filter>Файлы заголовков\New files</Filter>
    </ClInclude>
    <ClInclude Include="Defines.h">
      <Filter>Файлы заголовков</Filter>
    </ClInclude>
    <ClInclude Include="CEvent.h">
      <Filter>Файлы заголовков</Filter>
    </ClInclude>
    <ClInclude Include="CApp.h">
      <Filter>Файлы заголовков</Filter>
    </ClInclude>
    <ClInclude Include="CWindow.h">
      <Filter>Файлы заголовков\New files</Filter>
    </ClInclude>
    <ClInclude Include="CScreen.h">
      <Filter>Файлы заголовков\New files</Filter>
    </ClInclude>
    <ClInclude Include="CScreen_Background.h">
      <Filter>Файлы заголовков\New files</Filter>
    </ClInclude>
    <ClInclude Include="CScreen_Font.h">
      <Filter>Файлы заголовков\New files</Filter>
    </ClInclude>
    <ClInclude Include="CScreen_Stone.h">
      <Filter>Файлы заголовков\New files</Filter>
    </ClInclude>
    <ClInclude Include="CWindow_Icon.h">
      <Filter>Файлы заголовков</Filter>
    </ClInclude>
  </ItemGroup>
</Project>